
Microsoft Visual Studio Solution File, Format Version 12.00
# Visual Studio Version 17
VisualStudioVersion = 17.13.35931.197 d17.13
MinimumVisualStudioVersion = 10.0.40219.1
Project("{FAE04EC0-301F-11D3-BF4B-00C04F79EFBC}") = "ASPNETFavoriteAlbums", "ASPNETFavoriteAlbums\ASPNETFavoriteAlbums.csproj", "{5515A41A-C39A-489C-BA16-CB6CEF51C712}"
EndProject
Global
	GlobalSection(SolutionConfigurationPlatforms) = preSolution
		Debug|Any CPU = Debug|Any CPU
		Release|Any CPU = Release|Any CPU
	EndGlobalSection
	GlobalSection(ProjectConfigurationPlatforms) = postSolution
		{5515A41A-C39A-489C-BA16-CB6CEF51C712}.Debug|Any CPU.ActiveCfg = Debug|Any CPU
		{5515A41A-C39A-489C-BA16-CB6CEF51C712}.Debug|Any CPU.Build.0 = Debug|Any CPU
		{5515A41A-C39A-489C-BA16-CB6CEF51C712}.Release|Any CPU.ActiveCfg = Release|Any CPU
		{5515A41A-C39A-489C-BA16-CB6CEF51C712}.Release|Any CPU.Build.0 = Release|Any CPU
	EndGlobalSection
	GlobalSection(SolutionProperties) = preSolution
		HideSolutionNode = FALSE
	EndGlobalSection
	GlobalSection(ExtensibilityGlobals) = postSolution
		SolutionGuid = {A898578A-9B68-45A4-B063-0D36982C9CCD}
	EndGlobalSection
EndGlobal
